{
  "name": "angular-demo",
  "version": "1.0.0",
  "lockfileVersion": 1,
  "requires": true,
  "dependencies": {
    "almond": {
      "version": "0.3.3",
      "resolved": "http://registry.npm.taobao.org/almond/download/almond-0.3.3.tgz",
      "integrity": "sha1-oOfJWsdiTWQXtElLHmi/9pMWiiA="
    },
    "angular": {
      "version": "1.5.7",
      "resolved": "http://registry.npm.taobao.org/angular/download/angular-1.5.7.tgz",
      "integrity": "sha1-Ts79DHE0tydXujtBu6Oh5NXv9aw="
    },
    "angular-sanitize": {
      "version": "1.5.7",
      "resolved": "http://registry.npm.taobao.org/angular-sanitize/download/angular-sanitize-1.5.7.tgz",
      "integrity": "sha1-NueLe7pukCM6m5COWXoFdwNW8pA="
    },
    "bootstrap": {
      "version": "3.3.6",
      "resolved": "http://registry.npm.taobao.org/bootstrap/download/bootstrap-3.3.6.tgz",
      "integrity": "sha1-jej3SdyKdD8qxbUQ2Yg3Hj2qZYk="
    },
    "jquery": {
      "version": "3.3.1",
      "resolved": "http://registry.npm.taobao.org/jquery/download/jquery-3.3.1.tgz",
      "integrity": "sha1-lYzinoHJeQ8xvneS311NlfxX+8o="
    },
    "jquery-mousewheel": {
      "version": "3.1.13",
      "resolved": "http://registry.npm.taobao.org/jquery-mousewheel/download/jquery-mousewheel-3.1.13.tgz",
      "integrity": "sha1-BvAzXxbjU6aV5yBr9QUDy1I6buU="
    },
    "select2": {
      "version": "4.0.6-rc.1",
      "resolved": "http://registry.npm.taobao.org/select2/download/select2-4.0.6-rc.1.tgz",
      "integrity": "sha1-qmwwOKfw8ukf+t448KIcFeGBMnY=",
      "requires": {
        "almond": "~0.3.1",
        "jquery-mousewheel": "~3.1.13"
      }
    },
    "ui-select": {
      "version": "0.19.8",
      "resolved": "http://registry.npm.taobao.org/ui-select/download/ui-select-0.19.8.tgz",
      "integrity": "sha1-dIYISKf9i8SU2YVtL2J3bqmGN8E="
    }
  }
}
